
Microsoft Visual Studio Solution File, Format Version 12.00
# Visual Studio 2012
Project("{FAE04EC0-301F-11D3-BF4B-00C04F79EFBC}") = "WebSphereWorkFlow", "WebSphereWorkFlow\WebSphereWorkFlow.csproj", "{EB9C94B9-91B4-4F66-9763-6CE637901145}"
EndProject
Project("{FAE04EC0-301F-11D3-BF4B-00C04F79EFBC}") = "WebSphereLib.Messages", "WebSphereLib.Messages\WebSphereLib.Messages.csproj", "{D2188348-4099-4968-B1C9-3AB17E7BEB1E}"
EndProject
Project("{FAE04EC0-301F-11D3-BF4B-00C04F79EFBC}") = "WebSphereActivityLib", "WebSphereActivity\WebSphereActivityLib.csproj", "{98EC024C-6439-44B1-8B1E-29E457B2201F}"
EndProject
Project("{FAE04EC0-301F-11D3-BF4B-00C04F79EFBC}") = "WebSphereWorkflowService", "WebSphereWorkflowService\WebSphereWorkflowService.csproj", "{7772A60D-8A25-475E-8DD7-10525013D6A2}"
EndProject
Project("{FAE04EC0-301F-11D3-BF4B-00C04F79EFBC}") = "WebSphereService", "WebSphereService\WebSphereService.csproj", "{21B3C6C9-DF25-4238-869C-6052D0BA8799}"
EndProject
Project("{FAE04EC0-301F-11D3-BF4B-00C04F79EFBC}") = "ConsoleApplication1", "ConsoleApplication1\ConsoleApplication1.csproj", "{9B80CCFA-E1C3-4F6E-A7F5-A73145283BFB}"
EndProject
Project("{FAE04EC0-301F-11D3-BF4B-00C04F79EFBC}") = "WorkflowService", "WorkflowService\WorkflowService.csproj", "{C9C67B07-7FB2-4C1E-A7ED-F8B3E1FB024C}"
EndProject
Project("{FAE04EC0-301F-11D3-BF4B-00C04F79EFBC}") = "CustomActivityTest", "CustomActivityTest\CustomActivityTest.csproj", "{2F6DD443-8708-4E28-8C7A-FDA0684E9B50}"
EndProject
Project("{FAE04EC0-301F-11D3-BF4B-00C04F79EFBC}") = "Contract", "Contract\Contract.csproj", "{955C628A-6F9A-4C54-B9DD-736F2906E65B}"
EndProject
Project("{FAE04EC0-301F-11D3-BF4B-00C04F79EFBC}") = "MSMQWorkflowService", "MSMQWorkflowService\MSMQWorkflowService.csproj", "{BB9FB73C-A389-4F36-8F3A-007F50D939E7}"
EndProject
Project("{FAE04EC0-301F-11D3-BF4B-00C04F79EFBC}") = "MSMQActivity", "MSMQActivity\MSMQActivity.csproj", "{050124F6-6D43-4FE8-B79A-6CF9E7151E09}"
EndProject
Global
	GlobalSection(TeamFoundationVersionControl) = preSolution
		SccNumberOfProjects = 12
		SccEnterpriseProvider = {4CA58AB2-18FA-4F8D-95D4-32DDF27D184C}
		SccTeamFoundationServer = http://192.168.10.26:8080/
		SccLocalPath0 = .
		SccProjectUniqueName1 = ConsoleApplication1\\ConsoleApplication1.csproj
		SccProjectName1 = ConsoleApplication1
		SccLocalPath1 = ConsoleApplication1
		SccProjectUniqueName2 = Contract\\Contract.csproj
		SccProjectName2 = Contract
		SccLocalPath2 = Contract
		SccProjectUniqueName3 = CustomActivityTest\\CustomActivityTest.csproj
		SccProjectName3 = CustomActivityTest
		SccLocalPath3 = CustomActivityTest
		SccProjectUniqueName4 = MSMQActivity\\MSMQActivity.csproj
		SccProjectName4 = MSMQActivity
		SccLocalPath4 = MSMQActivity
		SccProjectUniqueName5 = MSMQWorkflowService\\MSMQWorkflowService.csproj
		SccProjectName5 = MSMQWorkflowService
		SccLocalPath5 = MSMQWorkflowService
		SccProjectUniqueName6 = WebSphereActivity\\WebSphereActivityLib.csproj
		SccProjectName6 = WebSphereActivity
		SccLocalPath6 = WebSphereActivity
		SccProjectUniqueName7 = WebSphereLib.Messages\\WebSphereLib.Messages.csproj
		SccProjectName7 = WebSphereLib.Messages
		SccLocalPath7 = WebSphereLib.Messages
		SccProjectUniqueName8 = WebSphereService\\WebSphereService.csproj
		SccProjectName8 = WebSphereService
		SccLocalPath8 = WebSphereService
		SccProjectUniqueName9 = WebSphereWorkFlow\\WebSphereWorkFlow.csproj
		SccProjectName9 = WebSphereWorkFlow
		SccLocalPath9 = WebSphereWorkFlow
		SccProjectUniqueName10 = WebSphereWorkflowService\\WebSphereWorkflowService.csproj
		SccProjectName10 = WebSphereWorkflowService
		SccLocalPath10 = WebSphereWorkflowService
		SccProjectUniqueName11 = WorkflowService\\WorkflowService.csproj
		SccProjectName11 = WorkflowService
		SccLocalPath11 = WorkflowService
	EndGlobalSection
	GlobalSection(SolutionConfigurationPlatforms) = preSolution
		Debug|Any CPU = Debug|Any CPU
		Debug|Mixed Platforms = Debug|Mixed Platforms
		Debug|x86 = Debug|x86
		Release|Any CPU = Release|Any CPU
		Release|Mixed Platforms = Release|Mixed Platforms
		Release|x86 = Release|x86
	EndGlobalSection
	GlobalSection(ProjectConfigurationPlatforms) = postSolution
		{EB9C94B9-91B4-4F66-9763-6CE637901145}.Debug|Any CPU.ActiveCfg = Debug|x86
		{EB9C94B9-91B4-4F66-9763-6CE637901145}.Debug|Mixed Platforms.ActiveCfg = Debug|x86
		{EB9C94B9-91B4-4F66-9763-6CE637901145}.Debug|Mixed Platforms.Build.0 = Debug|x86
		{EB9C94B9-91B4-4F66-9763-6CE637901145}.Debug|x86.ActiveCfg = Debug|x86
		{EB9C94B9-91B4-4F66-9763-6CE637901145}.Debug|x86.Build.0 = Debug|x86
		{EB9C94B9-91B4-4F66-9763-6CE637901145}.Release|Any CPU.ActiveCfg = Release|x86
		{EB9C94B9-91B4-4F66-9763-6CE637901145}.Release|Mixed Platforms.ActiveCfg = Release|x86
		{EB9C94B9-91B4-4F66-9763-6CE637901145}.Release|Mixed Platforms.Build.0 = Release|x86
		{EB9C94B9-91B4-4F66-9763-6CE637901145}.Release|x86.ActiveCfg = Release|x86
		{EB9C94B9-91B4-4F66-9763-6CE637901145}.Release|x86.Build.0 = Release|x86
		{D2188348-4099-4968-B1C9-3AB17E7BEB1E}.Debug|Any CPU.ActiveCfg = Debug|Any CPU
		{D2188348-4099-4968-B1C9-3AB17E7BEB1E}.Debug|Any CPU.Build.0 = Debug|Any CPU
		{D2188348-4099-4968-B1C9-3AB17E7BEB1E}.Debug|Mixed Platforms.ActiveCfg = Debug|Any CPU
		{D2188348-4099-4968-B1C9-3AB17E7BEB1E}.Debug|Mixed Platforms.Build.0 = Debug|Any CPU
		{D2188348-4099-4968-B1C9-3AB17E7BEB1E}.Debug|x86.ActiveCfg = Debug|Any CPU
		{D2188348-4099-4968-B1C9-3AB17E7BEB1E}.Release|Any CPU.ActiveCfg = Release|Any CPU
		{D2188348-4099-4968-B1C9-3AB17E7BEB1E}.Release|Any CPU.Build.0 = Release|Any CPU
		{D2188348-4099-4968-B1C9-3AB17E7BEB1E}.Release|Mixed Platforms.ActiveCfg = Release|Any CPU
		{D2188348-4099-4968-B1C9-3AB17E7BEB1E}.Release|Mixed Platforms.Build.0 = Release|Any CPU
		{D2188348-4099-4968-B1C9-3AB17E7BEB1E}.Release|x86.ActiveCfg = Release|Any CPU
		{98EC024C-6439-44B1-8B1E-29E457B2201F}.Debug|Any CPU.ActiveCfg = Debug|Any CPU
		{98EC024C-6439-44B1-8B1E-29E457B2201F}.Debug|Any CPU.Build.0 = Debug|Any CPU
		{98EC024C-6439-44B1-8B1E-29E457B2201F}.Debug|Mixed Platforms.ActiveCfg = Debug|Any CPU
		{98EC024C-6439-44B1-8B1E-29E457B2201F}.Debug|Mixed Platforms.Build.0 = Debug|Any CPU
		{98EC024C-6439-44B1-8B1E-29E457B2201F}.Debug|x86.ActiveCfg = Debug|Any CPU
		{98EC024C-6439-44B1-8B1E-29E457B2201F}.Release|Any CPU.ActiveCfg = Release|Any CPU
		{98EC024C-6439-44B1-8B1E-29E457B2201F}.Release|Any CPU.Build.0 = Release|Any CPU
		{98EC024C-6439-44B1-8B1E-29E457B2201F}.Release|Mixed Platforms.ActiveCfg = Release|Any CPU
		{98EC024C-6439-44B1-8B1E-29E457B2201F}.Release|Mixed Platforms.Build.0 = Release|Any CPU
		{98EC024C-6439-44B1-8B1E-29E457B2201F}.Release|x86.ActiveCfg = Release|Any CPU
		{7772A60D-8A25-475E-8DD7-10525013D6A2}.Debug|Any CPU.ActiveCfg = Debug|Any CPU
		{7772A60D-8A25-475E-8DD7-10525013D6A2}.Debug|Any CPU.Build.0 = Debug|Any CPU
		{7772A60D-8A25-475E-8DD7-10525013D6A2}.Debug|Mixed Platforms.ActiveCfg = Debug|Any CPU
		{7772A60D-8A25-475E-8DD7-10525013D6A2}.Debug|Mixed Platforms.Build.0 = Debug|Any CPU
		{7772A60D-8A25-475E-8DD7-10525013D6A2}.Debug|x86.ActiveCfg = Debug|Any CPU
		{7772A60D-8A25-475E-8DD7-10525013D6A2}.Release|Any CPU.ActiveCfg = Release|Any CPU
		{7772A60D-8A25-475E-8DD7-10525013D6A2}.Release|Any CPU.Build.0 = Release|Any CPU
		{7772A60D-8A25-475E-8DD7-10525013D6A2}.Release|Mixed Platforms.ActiveCfg = Release|Any CPU
		{7772A60D-8A25-475E-8DD7-10525013D6A2}.Release|Mixed Platforms.Build.0 = Release|Any CPU
		{7772A60D-8A25-475E-8DD7-10525013D6A2}.Release|x86.ActiveCfg = Release|Any CPU
		{21B3C6C9-DF25-4238-869C-6052D0BA8799}.Debug|Any CPU.ActiveCfg = Debug|Any CPU
		{21B3C6C9-DF25-4238-869C-6052D0BA8799}.Debug|Any CPU.Build.0 = Debug|Any CPU
		{21B3C6C9-DF25-4238-869C-6052D0BA8799}.Debug|Mixed Platforms.ActiveCfg = Debug|Any CPU
		{21B3C6C9-DF25-4238-869C-6052D0BA8799}.Debug|Mixed Platforms.Build.0 = Debug|Any CPU
		{21B3C6C9-DF25-4238-869C-6052D0BA8799}.Debug|x86.ActiveCfg = Debug|Any CPU
		{21B3C6C9-DF25-4238-869C-6052D0BA8799}.Release|Any CPU.ActiveCfg = Release|Any CPU
		{21B3C6C9-DF25-4238-869C-6052D0BA8799}.Release|Any CPU.Build.0 = Release|Any CPU
		{21B3C6C9-DF25-4238-869C-6052D0BA8799}.Release|Mixed Platforms.ActiveCfg = Release|Any CPU
		{21B3C6C9-DF25-4238-869C-6052D0BA8799}.Release|Mixed Platforms.Build.0 = Release|Any CPU
		{21B3C6C9-DF25-4238-869C-6052D0BA8799}.Release|x86.ActiveCfg = Release|Any CPU
		{9B80CCFA-E1C3-4F6E-A7F5-A73145283BFB}.Debug|Any CPU.ActiveCfg = Debug|Any CPU
		{9B80CCFA-E1C3-4F6E-A7F5-A73145283BFB}.Debug|Any CPU.Build.0 = Debug|Any CPU
		{9B80CCFA-E1C3-4F6E-A7F5-A73145283BFB}.Debug|Mixed Platforms.ActiveCfg = Debug|Any CPU
		{9B80CCFA-E1C3-4F6E-A7F5-A73145283BFB}.Debug|Mixed Platforms.Build.0 = Debug|Any CPU
		{9B80CCFA-E1C3-4F6E-A7F5-A73145283BFB}.Debug|x86.ActiveCfg = Debug|Any CPU
		{9B80CCFA-E1C3-4F6E-A7F5-A73145283BFB}.Release|Any CPU.ActiveCfg = Release|Any CPU
		{9B80CCFA-E1C3-4F6E-A7F5-A73145283BFB}.Release|Any CPU.Build.0 = Release|Any CPU
		{9B80CCFA-E1C3-4F6E-A7F5-A73145283BFB}.Release|Mixed Platforms.ActiveCfg = Release|Any CPU
		{9B80CCFA-E1C3-4F6E-A7F5-A73145283BFB}.Release|Mixed Platforms.Build.0 = Release|Any CPU
		{9B80CCFA-E1C3-4F6E-A7F5-A73145283BFB}.Release|x86.ActiveCfg = Release|Any CPU
		{C9C67B07-7FB2-4C1E-A7ED-F8B3E1FB024C}.Debug|Any CPU.ActiveCfg = Debug|Any CPU
		{C9C67B07-7FB2-4C1E-A7ED-F8B3E1FB024C}.Debug|Any CPU.Build.0 = Debug|Any CPU
		{C9C67B07-7FB2-4C1E-A7ED-F8B3E1FB024C}.Debug|Mixed Platforms.ActiveCfg = Debug|Any CPU
		{C9C67B07-7FB2-4C1E-A7ED-F8B3E1FB024C}.Debug|Mixed Platforms.Build.0 = Debug|Any CPU
		{C9C67B07-7FB2-4C1E-A7ED-F8B3E1FB024C}.Debug|x86.ActiveCfg = Debug|Any CPU
		{C9C67B07-7FB2-4C1E-A7ED-F8B3E1FB024C}.Release|Any CPU.ActiveCfg = Release|Any CPU
		{C9C67B07-7FB2-4C1E-A7ED-F8B3E1FB024C}.Release|Any CPU.Build.0 = Release|Any CPU
		{C9C67B07-7FB2-4C1E-A7ED-F8B3E1FB024C}.Release|Mixed Platforms.ActiveCfg = Release|Any CPU
		{C9C67B07-7FB2-4C1E-A7ED-F8B3E1FB024C}.Release|Mixed Platforms.Build.0 = Release|Any CPU
		{C9C67B07-7FB2-4C1E-A7ED-F8B3E1FB024C}.Release|x86.ActiveCfg = Release|Any CPU
		{2F6DD443-8708-4E28-8C7A-FDA0684E9B50}.Debug|Any CPU.ActiveCfg = Debug|Any CPU
		{2F6DD443-8708-4E28-8C7A-FDA0684E9B50}.Debug|Any CPU.Build.0 = Debug|Any CPU
		{2F6DD443-8708-4E28-8C7A-FDA0684E9B50}.Debug|Mixed Platforms.ActiveCfg = Debug|Any CPU
		{2F6DD443-8708-4E28-8C7A-FDA0684E9B50}.Debug|Mixed Platforms.Build.0 = Debug|Any CPU
		{2F6DD443-8708-4E28-8C7A-FDA0684E9B50}.Debug|x86.ActiveCfg = Debug|Any CPU
		{2F6DD443-8708-4E28-8C7A-FDA0684E9B50}.Release|Any CPU.ActiveCfg = Release|Any CPU
		{2F6DD443-8708-4E28-8C7A-FDA0684E9B50}.Release|Any CPU.Build.0 = Release|Any CPU
		{2F6DD443-8708-4E28-8C7A-FDA0684E9B50}.Release|Mixed Platforms.ActiveCfg = Release|Any CPU
		{2F6DD443-8708-4E28-8C7A-FDA0684E9B50}.Release|Mixed Platforms.Build.0 = Release|Any CPU
		{2F6DD443-8708-4E28-8C7A-FDA0684E9B50}.Release|x86.ActiveCfg = Release|Any CPU
		{955C628A-6F9A-4C54-B9DD-736F2906E65B}.Debug|Any CPU.ActiveCfg = Debug|Any CPU
		{955C628A-6F9A-4C54-B9DD-736F2906E65B}.Debug|Any CPU.Build.0 = Debug|Any CPU
		{955C628A-6F9A-4C54-B9DD-736F2906E65B}.Debug|Mixed Platforms.ActiveCfg = Debug|Any CPU
		{955C628A-6F9A-4C54-B9DD-736F2906E65B}.Debug|Mixed Platforms.Build.0 = Debug|Any CPU
		{955C628A-6F9A-4C54-B9DD-736F2906E65B}.Debug|x86.ActiveCfg = Debug|Any CPU
		{955C628A-6F9A-4C54-B9DD-736F2906E65B}.Release|Any CPU.ActiveCfg = Release|Any CPU
		{955C628A-6F9A-4C54-B9DD-736F2906E65B}.Release|Any CPU.Build.0 = Release|Any CPU
		{955C628A-6F9A-4C54-B9DD-736F2906E65B}.Release|Mixed Platforms.ActiveCfg = Release|Any CPU
		{955C628A-6F9A-4C54-B9DD-736F2906E65B}.Release|Mixed Platforms.Build.0 = Release|Any CPU
		{955C628A-6F9A-4C54-B9DD-736F2906E65B}.Release|x86.ActiveCfg = Release|Any CPU
		{BB9FB73C-A389-4F36-8F3A-007F50D939E7}.Debug|Any CPU.ActiveCfg = Debug|Any CPU
		{BB9FB73C-A389-4F36-8F3A-007F50D939E7}.Debug|Any CPU.Build.0 = Debug|Any CPU
		{BB9FB73C-A389-4F36-8F3A-007F50D939E7}.Debug|Mixed Platforms.ActiveCfg = Debug|Any CPU
		{BB9FB73C-A389-4F36-8F3A-007F50D939E7}.Debug|Mixed Platforms.Build.0 = Debug|Any CPU
		{BB9FB73C-A389-4F36-8F3A-007F50D939E7}.Debug|x86.ActiveCfg = Debug|Any CPU
		{BB9FB73C-A389-4F36-8F3A-007F50D939E7}.Release|Any CPU.ActiveCfg = Release|Any CPU
		{BB9FB73C-A389-4F36-8F3A-007F50D939E7}.Release|Any CPU.Build.0 = Release|Any CPU
		{BB9FB73C-A389-4F36-8F3A-007F50D939E7}.Release|Mixed Platforms.ActiveCfg = Release|Any CPU
		{BB9FB73C-A389-4F36-8F3A-007F50D939E7}.Release|Mixed Platforms.Build.0 = Release|Any CPU
		{BB9FB73C-A389-4F36-8F3A-007F50D939E7}.Release|x86.ActiveCfg = Release|Any CPU
		{050124F6-6D43-4FE8-B79A-6CF9E7151E09}.Debug|Any CPU.ActiveCfg = Debug|Any CPU
		{050124F6-6D43-4FE8-B79A-6CF9E7151E09}.Debug|Any CPU.Build.0 = Debug|Any CPU
		{050124F6-6D43-4FE8-B79A-6CF9E7151E09}.Debug|Mixed Platforms.ActiveCfg = Debug|Any CPU
		{050124F6-6D43-4FE8-B79A-6CF9E7151E09}.Debug|Mixed Platforms.Build.0 = Debug|Any CPU
		{050124F6-6D43-4FE8-B79A-6CF9E7151E09}.Debug|x86.ActiveCfg = Debug|Any CPU
		{050124F6-6D43-4FE8-B79A-6CF9E7151E09}.Release|Any CPU.ActiveCfg = Release|Any CPU
		{050124F6-6D43-4FE8-B79A-6CF9E7151E09}.Release|Any CPU.Build.0 = Release|Any CPU
		{050124F6-6D43-4FE8-B79A-6CF9E7151E09}.Release|Mixed Platforms.ActiveCfg = Release|Any CPU
		{050124F6-6D43-4FE8-B79A-6CF9E7151E09}.Release|Mixed Platforms.Build.0 = Release|Any CPU
		{050124F6-6D43-4FE8-B79A-6CF9E7151E09}.Release|x86.ActiveCfg = Release|Any CPU
	EndGlobalSection
	GlobalSection(SolutionProperties) = preSolution
		HideSolutionNode = FALSE
	EndGlobalSection
EndGlobal
