
Microsoft Visual Studio Solution File, Format Version 12.00
# Visual Studio 2012
Project("{FAE04EC0-301F-11D3-BF4B-00C04F79EFBC}") = "WebSphereWorkFlow", "WebSphereWorkFlow\WebSphereWorkFlow.csproj", "{EB9C94B9-91B4-4F66-9763-6CE637901145}"
EndProject
Project("{FAE04EC0-301F-11D3-BF4B-00C04F79EFBC}") = "WebSphereLib.Messages", "WebSphereLib.Messages\WebSphereLib.Messages.csproj", "{D2188348-4099-4968-B1C9-3AB17E7BEB1E}"
EndProject
Project("{FAE04EC0-301F-11D3-BF4B-00C04F79EFBC}") = "WebSphereActivityLib", "WebSphereActivity\WebSphereActivityLib.csproj", "{98EC024C-6439-44B1-8B1E-29E457B2201F}"
EndProject
Project("{FAE04EC0-301F-11D3-BF4B-00C04F79EFBC}") = "WebSphereActivityLibrary", "WebSphereActivityLibrary\WebSphereActivityLibrary.csproj", "{1CDCA50D-7926-4C75-B53B-4443D55DA1DF}"
EndProject
Global
	GlobalSection(SolutionConfigurationPlatforms) = preSolution
		Debug|Any CPU = Debug|Any CPU
		Debug|Mixed Platforms = Debug|Mixed Platforms
		Debug|x86 = Debug|x86
		Release|Any CPU = Release|Any CPU
		Release|Mixed Platforms = Release|Mixed Platforms
		Release|x86 = Release|x86
	EndGlobalSection
	GlobalSection(ProjectConfigurationPlatforms) = postSolution
		{EB9C94B9-91B4-4F66-9763-6CE637901145}.Debug|Any CPU.ActiveCfg = Debug|x86
		{EB9C94B9-91B4-4F66-9763-6CE637901145}.Debug|Mixed Platforms.ActiveCfg = Debug|x86
		{EB9C94B9-91B4-4F66-9763-6CE637901145}.Debug|Mixed Platforms.Build.0 = Debug|x86
		{EB9C94B9-91B4-4F66-9763-6CE637901145}.Debug|x86.ActiveCfg = Debug|x86
		{EB9C94B9-91B4-4F66-9763-6CE637901145}.Debug|x86.Build.0 = Debug|x86
		{EB9C94B9-91B4-4F66-9763-6CE637901145}.Release|Any CPU.ActiveCfg = Release|x86
		{EB9C94B9-91B4-4F66-9763-6CE637901145}.Release|Mixed Platforms.ActiveCfg = Release|x86
		{EB9C94B9-91B4-4F66-9763-6CE637901145}.Release|Mixed Platforms.Build.0 = Release|x86
		{EB9C94B9-91B4-4F66-9763-6CE637901145}.Release|x86.ActiveCfg = Release|x86
		{EB9C94B9-91B4-4F66-9763-6CE637901145}.Release|x86.Build.0 = Release|x86
		{D2188348-4099-4968-B1C9-3AB17E7BEB1E}.Debug|Any CPU.ActiveCfg = Debug|Any CPU
		{D2188348-4099-4968-B1C9-3AB17E7BEB1E}.Debug|Any CPU.Build.0 = Debug|Any CPU
		{D2188348-4099-4968-B1C9-3AB17E7BEB1E}.Debug|Mixed Platforms.ActiveCfg = Debug|Any CPU
		{D2188348-4099-4968-B1C9-3AB17E7BEB1E}.Debug|Mixed Platforms.Build.0 = Debug|Any CPU
		{D2188348-4099-4968-B1C9-3AB17E7BEB1E}.Debug|x86.ActiveCfg = Debug|Any CPU
		{D2188348-4099-4968-B1C9-3AB17E7BEB1E}.Release|Any CPU.ActiveCfg = Release|Any CPU
		{D2188348-4099-4968-B1C9-3AB17E7BEB1E}.Release|Any CPU.Build.0 = Release|Any CPU
		{D2188348-4099-4968-B1C9-3AB17E7BEB1E}.Release|Mixed Platforms.ActiveCfg = Release|Any CPU
		{D2188348-4099-4968-B1C9-3AB17E7BEB1E}.Release|Mixed Platforms.Build.0 = Release|Any CPU
		{D2188348-4099-4968-B1C9-3AB17E7BEB1E}.Release|x86.ActiveCfg = Release|Any CPU
		{98EC024C-6439-44B1-8B1E-29E457B2201F}.Debug|Any CPU.ActiveCfg = Debug|Any CPU
		{98EC024C-6439-44B1-8B1E-29E457B2201F}.Debug|Any CPU.Build.0 = Debug|Any CPU
		{98EC024C-6439-44B1-8B1E-29E457B2201F}.Debug|Mixed Platforms.ActiveCfg = Debug|Any CPU
		{98EC024C-6439-44B1-8B1E-29E457B2201F}.Debug|Mixed Platforms.Build.0 = Debug|Any CPU
		{98EC024C-6439-44B1-8B1E-29E457B2201F}.Debug|x86.ActiveCfg = Debug|Any CPU
		{98EC024C-6439-44B1-8B1E-29E457B2201F}.Release|Any CPU.ActiveCfg = Release|Any CPU
		{98EC024C-6439-44B1-8B1E-29E457B2201F}.Release|Any CPU.Build.0 = Release|Any CPU
		{98EC024C-6439-44B1-8B1E-29E457B2201F}.Release|Mixed Platforms.ActiveCfg = Release|Any CPU
		{98EC024C-6439-44B1-8B1E-29E457B2201F}.Release|Mixed Platforms.Build.0 = Release|Any CPU
		{98EC024C-6439-44B1-8B1E-29E457B2201F}.Release|x86.ActiveCfg = Release|Any CPU
		{1CDCA50D-7926-4C75-B53B-4443D55DA1DF}.Debug|Any CPU.ActiveCfg = Debug|Any CPU
		{1CDCA50D-7926-4C75-B53B-4443D55DA1DF}.Debug|Any CPU.Build.0 = Debug|Any CPU
		{1CDCA50D-7926-4C75-B53B-4443D55DA1DF}.Debug|Mixed Platforms.ActiveCfg = Debug|Any CPU
		{1CDCA50D-7926-4C75-B53B-4443D55DA1DF}.Debug|Mixed Platforms.Build.0 = Debug|Any CPU
		{1CDCA50D-7926-4C75-B53B-4443D55DA1DF}.Debug|x86.ActiveCfg = Debug|Any CPU
		{1CDCA50D-7926-4C75-B53B-4443D55DA1DF}.Release|Any CPU.ActiveCfg = Release|Any CPU
		{1CDCA50D-7926-4C75-B53B-4443D55DA1DF}.Release|Any CPU.Build.0 = Release|Any CPU
		{1CDCA50D-7926-4C75-B53B-4443D55DA1DF}.Release|Mixed Platforms.ActiveCfg = Release|Any CPU
		{1CDCA50D-7926-4C75-B53B-4443D55DA1DF}.Release|Mixed Platforms.Build.0 = Release|Any CPU
		{1CDCA50D-7926-4C75-B53B-4443D55DA1DF}.Release|x86.ActiveCfg = Release|Any CPU
	EndGlobalSection
	GlobalSection(SolutionProperties) = preSolution
		HideSolutionNode = FALSE
	EndGlobalSection
EndGlobal
